<?xml version="1.0" encoding="utf-8"?>
<Project ToolsVersion="4.0" xmlns="http://schemas.microsoft.com/developer/msbuild/2003">
  <ItemGroup>
    <Text Include="ReadMe.txt" />
  </ItemGroup>
  <ItemGroup>
    <Filter Include="Systems">
      <UniqueIdentifier>{1cf3c306-0279-41ac-9bd3-8920fbe2b6ca}</UniqueIdentifier>
    </Filter>
  </ItemGroup>
  <ItemGroup>
    <ClCompile Include="D3D.cpp">
      <Filter>Systems</Filter>
    </ClCompile>
    <ClCompile Include="DirectWrite.cpp">
      <Filter>Systems</Filter>
    </ClCompile>
    <ClCompile Include="Keyboard.cpp">
      <Filter>Systems</Filter>
    </ClCompile>
    <ClCompile Include="Mouse.cpp">
      <Filter>Systems</Filter>
    </ClCompile>
    <ClCompile Include="Time.cpp">
      <Filter>Systems</Filter>
    </ClCompile>
  </ItemGroup>
  <ItemGroup>
    <ClInclude Include="D3D.h">
      <Filter>Systems</Filter>
    </ClInclude>
    <ClInclude Include="DirectWrite.h">
      <Filter>Systems</Filter>
    </ClInclude>
    <ClInclude Include="Keyboard.h">
      <Filter>Systems</Filter>
    </ClInclude>
    <ClInclude Include="Mouse.h">
      <Filter>Systems</Filter>
    </ClInclude>
    <ClInclude Include="Time.h">
      <Filter>Systems</Filter>
    </ClInclude>
    <ClInclude Include="stdafx.h" />
    <ClInclude Include="Systems.h" />
  </ItemGroup>
</Project>