<?xml version="1.0" encoding="utf-8"?>
<Project ToolsVersion="4.0" xmlns="http://schemas.microsoft.com/developer/msbuild/2003">
  <ItemGroup>
    <Text Include="ReadMe.txt" />
  </ItemGroup>
  <ItemGroup>
    <Filter Include="Viewer">
      <UniqueIdentifier>{4c9f6077-5a22-4c7a-a80b-c25268d01711}</UniqueIdentifier>
    </Filter>
  </ItemGroup>
  <ItemGroup>
    <ClInclude Include="stdafx.h" />
    <ClInclude Include="Camera.h">
      <Filter>Viewer</Filter>
    </ClInclude>
    <ClInclude Include="Fixity.h">
      <Filter>Viewer</Filter>
    </ClInclude>
    <ClInclude Include="Freedom.h">
      <Filter>Viewer</Filter>
    </ClInclude>
    <ClInclude Include="Frustum.h">
      <Filter>Viewer</Filter>
    </ClInclude>
    <ClInclude Include="Perspective.h">
      <Filter>Viewer</Filter>
    </ClInclude>
    <ClInclude Include="Viewport.h">
      <Filter>Viewer</Filter>
    </ClInclude>
  </ItemGroup>
  <ItemGroup>
    <ClCompile Include="Camera.cpp">
      <Filter>Viewer</Filter>
    </ClCompile>
    <ClCompile Include="Fixity.cpp">
      <Filter>Viewer</Filter>
    </ClCompile>
    <ClCompile Include="Freedom.cpp">
      <Filter>Viewer</Filter>
    </ClCompile>
    <ClCompile Include="Frustum.cpp">
      <Filter>Viewer</Filter>
    </ClCompile>
    <ClCompile Include="Perspective.cpp">
      <Filter>Viewer</Filter>
    </ClCompile>
    <ClCompile Include="Viewport.cpp">
      <Filter>Viewer</Filter>
    </ClCompile>
  </ItemGroup>
</Project>