<?xml version="1.0" encoding="utf-8"?>
<Project ToolsVersion="4.0" xmlns="http://schemas.microsoft.com/developer/msbuild/2003">
  <ItemGroup>
    <ClCompile Include="stdafx.h" />
    <ClCompile Include="Main.cpp" />
    <ClCompile Include="Fbx\FbxUtility.cpp">
      <Filter>Fbx</Filter>
    </ClCompile>
    <ClCompile Include="Fbx\FbxLoader.cpp">
      <Filter>Fbx</Filter>
    </ClCompile>
    <ClCompile Include="Executes\TestModel.cpp">
      <Filter>Executes</Filter>
    </ClCompile>
    <ClCompile Include="Executes\TestAnimation.cpp">
      <Filter>Executes</Filter>
    </ClCompile>
    <ClCompile Include="Executes\TestBuffer.cpp">
      <Filter>Executes</Filter>
    </ClCompile>
    <ClCompile Include="Executes\TestInst.cpp">
      <Filter>Executes</Filter>
    </ClCompile>
  </ItemGroup>
  <ItemGroup>
    <ClInclude Include="Main.h" />
    <ClInclude Include="Fbx\FbxUtility.h">
      <Filter>Fbx</Filter>
    </ClInclude>
    <ClInclude Include="Fbx\FbxType.h">
      <Filter>Fbx</Filter>
    </ClInclude>
    <ClInclude Include="Fbx\FbxLoader.h">
      <Filter>Fbx</Filter>
    </ClInclude>
    <ClInclude Include="Executes\TestModel.h">
      <Filter>Executes</Filter>
    </ClInclude>
    <ClInclude Include="Executes\TestAnimation.h">
      <Filter>Executes</Filter>
    </ClInclude>
    <ClInclude Include="Executes\TestBuffer.h">
      <Filter>Executes</Filter>
    </ClInclude>
    <ClInclude Include="Executes\TestInst.h">
      <Filter>Executes</Filter>
    </ClInclude>
  </ItemGroup>
  <ItemGroup>
    <Filter Include="Executes">
      <UniqueIdentifier>{60a19c79-0e31-4467-a6fa-6f3596dc2ef8}</UniqueIdentifier>
    </Filter>
    <Filter Include="Fbx">
      <UniqueIdentifier>{54322fc6-ab53-4216-b4fe-b239928780c5}</UniqueIdentifier>
    </Filter>
  </ItemGroup>
  <ItemGroup>
    <None Include="Shader.dgsl" />
  </ItemGroup>
</Project>