
Microsoft Visual Studio Solution File, Format Version 12.00
# Visual Studio 14
VisualStudioVersion = 14.0.25420.1
MinimumVisualStudioVersion = 10.0.40219.1
Project("{8BC9CEB8-8B4A-11D0-8D11-00A0C91BC942}") = "D3DX11", "D3DX11.vcxproj", "{4A0A9A1F-02DA-42FB-837E-D85B06B57C77}"
EndProject
Project("{2150E333-8FDC-42A3-9474-1A3956D46DE8}") = "DirectXCore", "DirectXCore", "{A452414D-2EC1-41FD-AB6C-FFE541145DD1}"
EndProject
Project("{8BC9CEB8-8B4A-11D0-8D11-00A0C91BC942}") = "Systems", "Systems\Systems.vcxproj", "{C635AB15-3F6A-4928-8D7B-D2B18FF61D0C}"
EndProject
Project("{8BC9CEB8-8B4A-11D0-8D11-00A0C91BC942}") = "Utilities", "Utilities\Utilities.vcxproj", "{94393B16-5F36-41F2-B7D1-4D65E221BEDE}"
EndProject
Project("{8BC9CEB8-8B4A-11D0-8D11-00A0C91BC942}") = "Viewer", "Viewer\Viewer.vcxproj", "{8F03E2DE-24D2-42D7-8F6A-9B98C5FE5DDD}"
EndProject
Project("{8BC9CEB8-8B4A-11D0-8D11-00A0C91BC942}") = "Fbx", "Fbx\Fbx.vcxproj", "{24ABCC2D-B9CE-483E-980B-5D93DFFAE1E6}"
EndProject
Project("{8BC9CEB8-8B4A-11D0-8D11-00A0C91BC942}") = "Interfaces", "Interfaces\Interfaces.vcxproj", "{0675135F-BD61-4826-8E14-0D679D0E88FA}"
EndProject
Project("{8BC9CEB8-8B4A-11D0-8D11-00A0C91BC942}") = "Model", "Model\Model.vcxproj", "{4DAAC462-CAFA-4853-A650-48C77B2AD993}"
EndProject
Project("{8BC9CEB8-8B4A-11D0-8D11-00A0C91BC942}") = "Renders", "Renders\Renders.vcxproj", "{2C34176F-515A-48CF-925D-765D367D7FA9}"
EndProject
Project("{8BC9CEB8-8B4A-11D0-8D11-00A0C91BC942}") = "PostEffects", "PostEffects\PostEffects.vcxproj", "{46F9F643-6C0F-4218-950D-D56B364A4C12}"
EndProject
Project("{2150E333-8FDC-42A3-9474-1A3956D46DE8}") = "Util", "Util", "{DB58EEB3-052C-417D-A036-84A84E91DD1F}"
EndProject
Project("{2150E333-8FDC-42A3-9474-1A3956D46DE8}") = "Render", "Render", "{293058E3-701A-4E41-BD03-DE6A33985081}"
EndProject
Project("{2150E333-8FDC-42A3-9474-1A3956D46DE8}") = "Object", "Object", "{8EF4A170-4B4A-40C0-928E-CDBC69500198}"
EndProject
Project("{8BC9CEB8-8B4A-11D0-8D11-00A0C91BC942}") = "Objects", "Objects\Objects.vcxproj", "{51317728-B345-4B5F-8424-D3FF4E39428A}"
EndProject
Project("{8BC9CEB8-8B4A-11D0-8D11-00A0C91BC942}") = "LandScape", "LandScape\LandScape.vcxproj", "{2880BABF-A266-4159-A02B-1D2B4E51DCAB}"
EndProject
Global
	GlobalSection(SolutionConfigurationPlatforms) = preSolution
		Debug|x64 = Debug|x64
		Debug|x86 = Debug|x86
		Release|x64 = Release|x64
		Release|x86 = Release|x86
	EndGlobalSection
	GlobalSection(ProjectConfigurationPlatforms) = postSolution
		{4A0A9A1F-02DA-42FB-837E-D85B06B57C77}.Debug|x64.ActiveCfg = Debug|x64
		{4A0A9A1F-02DA-42FB-837E-D85B06B57C77}.Debug|x64.Build.0 = Debug|x64
		{4A0A9A1F-02DA-42FB-837E-D85B06B57C77}.Debug|x86.ActiveCfg = Debug|Win32
		{4A0A9A1F-02DA-42FB-837E-D85B06B57C77}.Debug|x86.Build.0 = Debug|Win32
		{4A0A9A1F-02DA-42FB-837E-D85B06B57C77}.Release|x64.ActiveCfg = Release|x64
		{4A0A9A1F-02DA-42FB-837E-D85B06B57C77}.Release|x64.Build.0 = Release|x64
		{4A0A9A1F-02DA-42FB-837E-D85B06B57C77}.Release|x86.ActiveCfg = Release|Win32
		{4A0A9A1F-02DA-42FB-837E-D85B06B57C77}.Release|x86.Build.0 = Release|Win32
		{C635AB15-3F6A-4928-8D7B-D2B18FF61D0C}.Debug|x64.ActiveCfg = Debug|x64
		{C635AB15-3F6A-4928-8D7B-D2B18FF61D0C}.Debug|x64.Build.0 = Debug|x64
		{C635AB15-3F6A-4928-8D7B-D2B18FF61D0C}.Debug|x86.ActiveCfg = Debug|Win32
		{C635AB15-3F6A-4928-8D7B-D2B18FF61D0C}.Debug|x86.Build.0 = Debug|Win32
		{C635AB15-3F6A-4928-8D7B-D2B18FF61D0C}.Release|x64.ActiveCfg = Release|x64
		{C635AB15-3F6A-4928-8D7B-D2B18FF61D0C}.Release|x64.Build.0 = Release|x64
		{C635AB15-3F6A-4928-8D7B-D2B18FF61D0C}.Release|x86.ActiveCfg = Release|Win32
		{C635AB15-3F6A-4928-8D7B-D2B18FF61D0C}.Release|x86.Build.0 = Release|Win32
		{94393B16-5F36-41F2-B7D1-4D65E221BEDE}.Debug|x64.ActiveCfg = Debug|x64
		{94393B16-5F36-41F2-B7D1-4D65E221BEDE}.Debug|x64.Build.0 = Debug|x64
		{94393B16-5F36-41F2-B7D1-4D65E221BEDE}.Debug|x86.ActiveCfg = Debug|Win32
		{94393B16-5F36-41F2-B7D1-4D65E221BEDE}.Debug|x86.Build.0 = Debug|Win32
		{94393B16-5F36-41F2-B7D1-4D65E221BEDE}.Release|x64.ActiveCfg = Release|x64
		{94393B16-5F36-41F2-B7D1-4D65E221BEDE}.Release|x64.Build.0 = Release|x64
		{94393B16-5F36-41F2-B7D1-4D65E221BEDE}.Release|x86.ActiveCfg = Release|Win32
		{94393B16-5F36-41F2-B7D1-4D65E221BEDE}.Release|x86.Build.0 = Release|Win32
		{8F03E2DE-24D2-42D7-8F6A-9B98C5FE5DDD}.Debug|x64.ActiveCfg = Debug|x64
		{8F03E2DE-24D2-42D7-8F6A-9B98C5FE5DDD}.Debug|x64.Build.0 = Debug|x64
		{8F03E2DE-24D2-42D7-8F6A-9B98C5FE5DDD}.Debug|x86.ActiveCfg = Debug|Win32
		{8F03E2DE-24D2-42D7-8F6A-9B98C5FE5DDD}.Debug|x86.Build.0 = Debug|Win32
		{8F03E2DE-24D2-42D7-8F6A-9B98C5FE5DDD}.Release|x64.ActiveCfg = Release|x64
		{8F03E2DE-24D2-42D7-8F6A-9B98C5FE5DDD}.Release|x64.Build.0 = Release|x64
		{8F03E2DE-24D2-42D7-8F6A-9B98C5FE5DDD}.Release|x86.ActiveCfg = Release|Win32
		{8F03E2DE-24D2-42D7-8F6A-9B98C5FE5DDD}.Release|x86.Build.0 = Release|Win32
		{24ABCC2D-B9CE-483E-980B-5D93DFFAE1E6}.Debug|x64.ActiveCfg = Debug|x64
		{24ABCC2D-B9CE-483E-980B-5D93DFFAE1E6}.Debug|x64.Build.0 = Debug|x64
		{24ABCC2D-B9CE-483E-980B-5D93DFFAE1E6}.Debug|x86.ActiveCfg = Debug|Win32
		{24ABCC2D-B9CE-483E-980B-5D93DFFAE1E6}.Debug|x86.Build.0 = Debug|Win32
		{24ABCC2D-B9CE-483E-980B-5D93DFFAE1E6}.Release|x64.ActiveCfg = Release|x64
		{24ABCC2D-B9CE-483E-980B-5D93DFFAE1E6}.Release|x64.Build.0 = Release|x64
		{24ABCC2D-B9CE-483E-980B-5D93DFFAE1E6}.Release|x86.ActiveCfg = Release|Win32
		{24ABCC2D-B9CE-483E-980B-5D93DFFAE1E6}.Release|x86.Build.0 = Release|Win32
		{0675135F-BD61-4826-8E14-0D679D0E88FA}.Debug|x64.ActiveCfg = Debug|x64
		{0675135F-BD61-4826-8E14-0D679D0E88FA}.Debug|x64.Build.0 = Debug|x64
		{0675135F-BD61-4826-8E14-0D679D0E88FA}.Debug|x86.ActiveCfg = Debug|Win32
		{0675135F-BD61-4826-8E14-0D679D0E88FA}.Debug|x86.Build.0 = Debug|Win32
		{0675135F-BD61-4826-8E14-0D679D0E88FA}.Release|x64.ActiveCfg = Release|x64
		{0675135F-BD61-4826-8E14-0D679D0E88FA}.Release|x64.Build.0 = Release|x64
		{0675135F-BD61-4826-8E14-0D679D0E88FA}.Release|x86.ActiveCfg = Release|Win32
		{0675135F-BD61-4826-8E14-0D679D0E88FA}.Release|x86.Build.0 = Release|Win32
		{4DAAC462-CAFA-4853-A650-48C77B2AD993}.Debug|x64.ActiveCfg = Debug|x64
		{4DAAC462-CAFA-4853-A650-48C77B2AD993}.Debug|x64.Build.0 = Debug|x64
		{4DAAC462-CAFA-4853-A650-48C77B2AD993}.Debug|x86.ActiveCfg = Debug|Win32
		{4DAAC462-CAFA-4853-A650-48C77B2AD993}.Debug|x86.Build.0 = Debug|Win32
		{4DAAC462-CAFA-4853-A650-48C77B2AD993}.Release|x64.ActiveCfg = Release|x64
		{4DAAC462-CAFA-4853-A650-48C77B2AD993}.Release|x64.Build.0 = Release|x64
		{4DAAC462-CAFA-4853-A650-48C77B2AD993}.Release|x86.ActiveCfg = Release|Win32
		{4DAAC462-CAFA-4853-A650-48C77B2AD993}.Release|x86.Build.0 = Release|Win32
		{2C34176F-515A-48CF-925D-765D367D7FA9}.Debug|x64.ActiveCfg = Debug|x64
		{2C34176F-515A-48CF-925D-765D367D7FA9}.Debug|x64.Build.0 = Debug|x64
		{2C34176F-515A-48CF-925D-765D367D7FA9}.Debug|x86.ActiveCfg = Debug|Win32
		{2C34176F-515A-48CF-925D-765D367D7FA9}.Debug|x86.Build.0 = Debug|Win32
		{2C34176F-515A-48CF-925D-765D367D7FA9}.Release|x64.ActiveCfg = Release|x64
		{2C34176F-515A-48CF-925D-765D367D7FA9}.Release|x64.Build.0 = Release|x64
		{2C34176F-515A-48CF-925D-765D367D7FA9}.Release|x86.ActiveCfg = Release|Win32
		{2C34176F-515A-48CF-925D-765D367D7FA9}.Release|x86.Build.0 = Release|Win32
		{46F9F643-6C0F-4218-950D-D56B364A4C12}.Debug|x64.ActiveCfg = Debug|x64
		{46F9F643-6C0F-4218-950D-D56B364A4C12}.Debug|x64.Build.0 = Debug|x64
		{46F9F643-6C0F-4218-950D-D56B364A4C12}.Debug|x86.ActiveCfg = Debug|Win32
		{46F9F643-6C0F-4218-950D-D56B364A4C12}.Debug|x86.Build.0 = Debug|Win32
		{46F9F643-6C0F-4218-950D-D56B364A4C12}.Release|x64.ActiveCfg = Release|x64
		{46F9F643-6C0F-4218-950D-D56B364A4C12}.Release|x64.Build.0 = Release|x64
		{46F9F643-6C0F-4218-950D-D56B364A4C12}.Release|x86.ActiveCfg = Release|Win32
		{46F9F643-6C0F-4218-950D-D56B364A4C12}.Release|x86.Build.0 = Release|Win32
		{51317728-B345-4B5F-8424-D3FF4E39428A}.Debug|x64.ActiveCfg = Debug|x64
		{51317728-B345-4B5F-8424-D3FF4E39428A}.Debug|x64.Build.0 = Debug|x64
		{51317728-B345-4B5F-8424-D3FF4E39428A}.Debug|x86.ActiveCfg = Debug|Win32
		{51317728-B345-4B5F-8424-D3FF4E39428A}.Debug|x86.Build.0 = Debug|Win32
		{51317728-B345-4B5F-8424-D3FF4E39428A}.Release|x64.ActiveCfg = Release|x64
		{51317728-B345-4B5F-8424-D3FF4E39428A}.Release|x64.Build.0 = Release|x64
		{51317728-B345-4B5F-8424-D3FF4E39428A}.Release|x86.ActiveCfg = Release|Win32
		{51317728-B345-4B5F-8424-D3FF4E39428A}.Release|x86.Build.0 = Release|Win32
		{2880BABF-A266-4159-A02B-1D2B4E51DCAB}.Debug|x64.ActiveCfg = Debug|x64
		{2880BABF-A266-4159-A02B-1D2B4E51DCAB}.Debug|x64.Build.0 = Debug|x64
		{2880BABF-A266-4159-A02B-1D2B4E51DCAB}.Debug|x86.ActiveCfg = Debug|Win32
		{2880BABF-A266-4159-A02B-1D2B4E51DCAB}.Debug|x86.Build.0 = Debug|Win32
		{2880BABF-A266-4159-A02B-1D2B4E51DCAB}.Release|x64.ActiveCfg = Release|x64
		{2880BABF-A266-4159-A02B-1D2B4E51DCAB}.Release|x64.Build.0 = Release|x64
		{2880BABF-A266-4159-A02B-1D2B4E51DCAB}.Release|x86.ActiveCfg = Release|Win32
		{2880BABF-A266-4159-A02B-1D2B4E51DCAB}.Release|x86.Build.0 = Release|Win32
	EndGlobalSection
	GlobalSection(SolutionProperties) = preSolution
		HideSolutionNode = FALSE
	EndGlobalSection
	GlobalSection(NestedProjects) = preSolution
		{C635AB15-3F6A-4928-8D7B-D2B18FF61D0C} = {A452414D-2EC1-41FD-AB6C-FFE541145DD1}
		{94393B16-5F36-41F2-B7D1-4D65E221BEDE} = {DB58EEB3-052C-417D-A036-84A84E91DD1F}
		{8F03E2DE-24D2-42D7-8F6A-9B98C5FE5DDD} = {293058E3-701A-4E41-BD03-DE6A33985081}
		{24ABCC2D-B9CE-483E-980B-5D93DFFAE1E6} = {DB58EEB3-052C-417D-A036-84A84E91DD1F}
		{0675135F-BD61-4826-8E14-0D679D0E88FA} = {8EF4A170-4B4A-40C0-928E-CDBC69500198}
		{4DAAC462-CAFA-4853-A650-48C77B2AD993} = {8EF4A170-4B4A-40C0-928E-CDBC69500198}
		{2C34176F-515A-48CF-925D-765D367D7FA9} = {293058E3-701A-4E41-BD03-DE6A33985081}
		{46F9F643-6C0F-4218-950D-D56B364A4C12} = {293058E3-701A-4E41-BD03-DE6A33985081}
		{DB58EEB3-052C-417D-A036-84A84E91DD1F} = {A452414D-2EC1-41FD-AB6C-FFE541145DD1}
		{293058E3-701A-4E41-BD03-DE6A33985081} = {A452414D-2EC1-41FD-AB6C-FFE541145DD1}
		{8EF4A170-4B4A-40C0-928E-CDBC69500198} = {A452414D-2EC1-41FD-AB6C-FFE541145DD1}
		{51317728-B345-4B5F-8424-D3FF4E39428A} = {8EF4A170-4B4A-40C0-928E-CDBC69500198}
		{2880BABF-A266-4159-A02B-1D2B4E51DCAB} = {8EF4A170-4B4A-40C0-928E-CDBC69500198}
	EndGlobalSection
	GlobalSection(ExtensibilityGlobals) = postSolution
		SolutionGuid = {AC41CE0F-EE36-4F01-9A82-9D8125D86AFC}
	EndGlobalSection
EndGlobal
