<?xml version="1.0" encoding="utf-8"?>
<Project ToolsVersion="4.0" xmlns="http://schemas.microsoft.com/developer/msbuild/2003">
  <ItemGroup>
    <ClCompile Include="Systems\D3D.cpp">
      <Filter>Systems</Filter>
    </ClCompile>
    <ClCompile Include="Systems\Keyboard.cpp">
      <Filter>Systems</Filter>
    </ClCompile>
    <ClCompile Include="Systems\Mouse.cpp">
      <Filter>Systems</Filter>
    </ClCompile>
    <ClCompile Include="Systems\Time.cpp">
      <Filter>Systems</Filter>
    </ClCompile>
    <ClCompile Include="Systems\Window.cpp">
      <Filter>Systems</Filter>
    </ClCompile>
    <ClCompile Include="Renders\Shader.cpp">
      <Filter>Renders</Filter>
    </ClCompile>
    <ClCompile Include="Utilities\BinaryFile.cpp">
      <Filter>Utilities</Filter>
    </ClCompile>
    <ClCompile Include="Utilities\Json.cpp">
      <Filter>Utilities</Filter>
    </ClCompile>
    <ClCompile Include="Utilities\Math.cpp">
      <Filter>Utilities</Filter>
    </ClCompile>
    <ClCompile Include="Utilities\Path.cpp">
      <Filter>Utilities</Filter>
    </ClCompile>
    <ClCompile Include="Utilities\String.cpp">
      <Filter>Utilities</Filter>
    </ClCompile>
    <ClCompile Include="Utilities\Xml.cpp">
      <Filter>Utilities</Filter>
    </ClCompile>
    <ClCompile Include="Viewer\Perspective.cpp">
      <Filter>Viewer</Filter>
    </ClCompile>
    <ClCompile Include="Viewer\Viewport.cpp">
      <Filter>Viewer</Filter>
    </ClCompile>
    <ClCompile Include="Main.cpp" />
    <ClCompile Include="Program.cpp" />
    <ClCompile Include="Viewer\Camera.cpp">
      <Filter>Viewer</Filter>
    </ClCompile>
    <ClCompile Include="Viewer\Freedom.cpp">
      <Filter>Viewer</Filter>
    </ClCompile>
    <ClCompile Include="Renders\Texture.cpp">
      <Filter>Renders</Filter>
    </ClCompile>
    <ClCompile Include="Fbx\Exporter.cpp">
      <Filter>Fbx</Filter>
    </ClCompile>
    <ClCompile Include="Fbx\Utility.cpp">
      <Filter>Fbx</Filter>
    </ClCompile>
    <ClCompile Include="Viewer\Fixity.cpp">
      <Filter>Viewer</Filter>
    </ClCompile>
    <ClCompile Include="Systems\DirectWrite.cpp">
      <Filter>Systems</Filter>
    </ClCompile>
    <ClCompile Include="Renders\Context.cpp">
      <Filter>Renders</Filter>
    </ClCompile>
    <ClCompile Include="Renders\Material.cpp">
      <Filter>Renders</Filter>
    </ClCompile>
    <ClCompile Include="Draw\DebugLine.cpp">
      <Filter>Draw</Filter>
    </ClCompile>
    <ClCompile Include="Draw\Mesh.cpp">
      <Filter>Draw</Filter>
    </ClCompile>
    <ClCompile Include="Draw\MeshCube.cpp">
      <Filter>Draw</Filter>
    </ClCompile>
    <ClCompile Include="Draw\MeshCylinder.cpp">
      <Filter>Draw</Filter>
    </ClCompile>
    <ClCompile Include="Draw\MeshGrid.cpp">
      <Filter>Draw</Filter>
    </ClCompile>
    <ClCompile Include="Draw\MeshQuad.cpp">
      <Filter>Draw</Filter>
    </ClCompile>
    <ClCompile Include="Draw\MeshSphere.cpp">
      <Filter>Draw</Filter>
    </ClCompile>
    <ClCompile Include="Model\Model.cpp">
      <Filter>Model</Filter>
    </ClCompile>
    <ClCompile Include="Model\ModelBone.cpp">
      <Filter>Model</Filter>
    </ClCompile>
    <ClCompile Include="Model\ModelClip.cpp">
      <Filter>Model</Filter>
    </ClCompile>
    <ClCompile Include="Model\ModelKeyframe.cpp">
      <Filter>Model</Filter>
    </ClCompile>
    <ClCompile Include="Model\ModelMesh.cpp">
      <Filter>Model</Filter>
    </ClCompile>
    <ClCompile Include="Model\ModelMeshPart.cpp">
      <Filter>Model</Filter>
    </ClCompile>
    <ClCompile Include="Model\ModelReader.cpp">
      <Filter>Model</Filter>
    </ClCompile>
    <ClCompile Include="Model\ModelTweener.cpp">
      <Filter>Model</Filter>
    </ClCompile>
    <ClCompile Include="Objects\GameModel.cpp">
      <Filter>Objects</Filter>
    </ClCompile>
    <ClCompile Include="Objects\GameRender.cpp">
      <Filter>Objects</Filter>
    </ClCompile>
    <ClCompile Include="Executes\Export.cpp">
      <Filter>Executes</Filter>
    </ClCompile>
    <ClCompile Include="Renders\CBuffer.cpp">
      <Filter>Renders</Filter>
    </ClCompile>
    <ClCompile Include="Objects\GameAnimModel.cpp">
      <Filter>Objects</Filter>
    </ClCompile>
    <ClCompile Include="Renders\CsResource.cpp">
      <Filter>Renders</Filter>
    </ClCompile>
    <ClCompile Include="Viewer\DepthStencilView.cpp">
      <Filter>Viewer</Filter>
    </ClCompile>
    <ClCompile Include="Viewer\RenderTargetView.cpp">
      <Filter>Viewer</Filter>
    </ClCompile>
    <ClCompile Include="Environment\Sky.cpp">
      <Filter>Environment</Filter>
    </ClCompile>
    <ClCompile Include="Renders\Render2D.cpp">
      <Filter>Renders</Filter>
    </ClCompile>
    <ClCompile Include="Environment\CubeSky.cpp">
      <Filter>Environment</Filter>
    </ClCompile>
    <ClCompile Include="PostEffects\Blur.cpp">
      <Filter>PostEffects</Filter>
    </ClCompile>
    <ClCompile Include="Environment\QuadTree.cpp">
      <Filter>Environment</Filter>
    </ClCompile>
    <ClCompile Include="Environment\Terrain.cpp">
      <Filter>Environment</Filter>
    </ClCompile>
    <ClCompile Include="Viewer\Frustum.cpp">
      <Filter>Viewer</Filter>
    </ClCompile>
    <ClCompile Include="Executes\TestTerrain.cpp">
      <Filter>Executes</Filter>
    </ClCompile>
  </ItemGroup>
  <ItemGroup>
    <ClInclude Include="stdafx.h" />
    <ClInclude Include="Systems\D3D.h">
      <Filter>Systems</Filter>
    </ClInclude>
    <ClInclude Include="Systems\Keyboard.h">
      <Filter>Systems</Filter>
    </ClInclude>
    <ClInclude Include="Systems\Mouse.h">
      <Filter>Systems</Filter>
    </ClInclude>
    <ClInclude Include="Systems\Time.h">
      <Filter>Systems</Filter>
    </ClInclude>
    <ClInclude Include="Systems\Window.h">
      <Filter>Systems</Filter>
    </ClInclude>
    <ClInclude Include="Renders\Shader.h">
      <Filter>Renders</Filter>
    </ClInclude>
    <ClInclude Include="Renders\VertexLayouts.h">
      <Filter>Renders</Filter>
    </ClInclude>
    <ClInclude Include="Utilities\BinaryFile.h">
      <Filter>Utilities</Filter>
    </ClInclude>
    <ClInclude Include="Utilities\Json.h">
      <Filter>Utilities</Filter>
    </ClInclude>
    <ClInclude Include="Utilities\Math.h">
      <Filter>Utilities</Filter>
    </ClInclude>
    <ClInclude Include="Utilities\Path.h">
      <Filter>Utilities</Filter>
    </ClInclude>
    <ClInclude Include="Utilities\String.h">
      <Filter>Utilities</Filter>
    </ClInclude>
    <ClInclude Include="Utilities\Xml.h">
      <Filter>Utilities</Filter>
    </ClInclude>
    <ClInclude Include="Viewer\Perspective.h">
      <Filter>Viewer</Filter>
    </ClInclude>
    <ClInclude Include="Viewer\Viewport.h">
      <Filter>Viewer</Filter>
    </ClInclude>
    <ClInclude Include="Executes\Execute.h">
      <Filter>Executes</Filter>
    </ClInclude>
    <ClInclude Include="Program.h" />
    <ClInclude Include="Viewer\Camera.h">
      <Filter>Viewer</Filter>
    </ClInclude>
    <ClInclude Include="Viewer\Freedom.h">
      <Filter>Viewer</Filter>
    </ClInclude>
    <ClInclude Include="Renders\Texture.h">
      <Filter>Renders</Filter>
    </ClInclude>
    <ClInclude Include="Interfaces\ICloneable.h">
      <Filter>Interfaces</Filter>
    </ClInclude>
    <ClInclude Include="Fbx\Exporter.h">
      <Filter>Fbx</Filter>
    </ClInclude>
    <ClInclude Include="Fbx\Type.h">
      <Filter>Fbx</Filter>
    </ClInclude>
    <ClInclude Include="Fbx\Utility.h">
      <Filter>Fbx</Filter>
    </ClInclude>
    <ClInclude Include="Viewer\Fixity.h">
      <Filter>Viewer</Filter>
    </ClInclude>
    <ClInclude Include="Systems\DirectWrite.h">
      <Filter>Systems</Filter>
    </ClInclude>
    <ClInclude Include="Renders\Context.h">
      <Filter>Renders</Filter>
    </ClInclude>
    <ClInclude Include="Renders\Material.h">
      <Filter>Renders</Filter>
    </ClInclude>
    <ClInclude Include="Boundings\BBox.h">
      <Filter>Boundings</Filter>
    </ClInclude>
    <ClInclude Include="Boundings\BSphere.h">
      <Filter>Boundings</Filter>
    </ClInclude>
    <ClInclude Include="Boundings\Ray.h">
      <Filter>Boundings</Filter>
    </ClInclude>
    <ClInclude Include="Draw\DebugLine.h">
      <Filter>Draw</Filter>
    </ClInclude>
    <ClInclude Include="Draw\ILine.h">
      <Filter>Draw</Filter>
    </ClInclude>
    <ClInclude Include="Draw\Mesh.h">
      <Filter>Draw</Filter>
    </ClInclude>
    <ClInclude Include="Draw\MeshCube.h">
      <Filter>Draw</Filter>
    </ClInclude>
    <ClInclude Include="Draw\MeshCylinder.h">
      <Filter>Draw</Filter>
    </ClInclude>
    <ClInclude Include="Draw\MeshGrid.h">
      <Filter>Draw</Filter>
    </ClInclude>
    <ClInclude Include="Draw\MeshQuad.h">
      <Filter>Draw</Filter>
    </ClInclude>
    <ClInclude Include="Draw\MeshSphere.h">
      <Filter>Draw</Filter>
    </ClInclude>
    <ClInclude Include="Model\Model.h">
      <Filter>Model</Filter>
    </ClInclude>
    <ClInclude Include="Model\ModelBone.h">
      <Filter>Model</Filter>
    </ClInclude>
    <ClInclude Include="Model\ModelClip.h">
      <Filter>Model</Filter>
    </ClInclude>
    <ClInclude Include="Model\ModelKeyframe.h">
      <Filter>Model</Filter>
    </ClInclude>
    <ClInclude Include="Model\ModelMesh.h">
      <Filter>Model</Filter>
    </ClInclude>
    <ClInclude Include="Model\ModelMeshPart.h">
      <Filter>Model</Filter>
    </ClInclude>
    <ClInclude Include="Model\ModelTweener.h">
      <Filter>Model</Filter>
    </ClInclude>
    <ClInclude Include="Objects\GameModel.h">
      <Filter>Objects</Filter>
    </ClInclude>
    <ClInclude Include="Objects\GameRender.h">
      <Filter>Objects</Filter>
    </ClInclude>
    <ClInclude Include="Executes\Export.h">
      <Filter>Executes</Filter>
    </ClInclude>
    <ClInclude Include="Renders\CBuffer.h">
      <Filter>Renders</Filter>
    </ClInclude>
    <ClInclude Include="Objects\GameAnimModel.h">
      <Filter>Objects</Filter>
    </ClInclude>
    <ClInclude Include="Renders\CsResource.h">
      <Filter>Renders</Filter>
    </ClInclude>
    <ClInclude Include="Viewer\DepthStencilView.h">
      <Filter>Viewer</Filter>
    </ClInclude>
    <ClInclude Include="Viewer\RenderTargetView.h">
      <Filter>Viewer</Filter>
    </ClInclude>
    <ClInclude Include="Environment\Sky.h">
      <Filter>Environment</Filter>
    </ClInclude>
    <ClInclude Include="Renders\Render2D.h">
      <Filter>Renders</Filter>
    </ClInclude>
    <ClInclude Include="Environment\CubeSky.h">
      <Filter>Environment</Filter>
    </ClInclude>
    <ClInclude Include="PostEffects\Blur.h">
      <Filter>PostEffects</Filter>
    </ClInclude>
    <ClInclude Include="Environment\QuadTree.h">
      <Filter>Environment</Filter>
    </ClInclude>
    <ClInclude Include="Environment\Terrain.h">
      <Filter>Environment</Filter>
    </ClInclude>
    <ClInclude Include="Viewer\Frustum.h">
      <Filter>Viewer</Filter>
    </ClInclude>
    <ClInclude Include="Executes\TestTerrain.h">
      <Filter>Executes</Filter>
    </ClInclude>
  </ItemGroup>
  <ItemGroup>
    <Filter Include="Systems">
      <UniqueIdentifier>{0f484b0c-b774-40c2-a4f3-feaf87e1d1cc}</UniqueIdentifier>
    </Filter>
    <Filter Include="Renders">
      <UniqueIdentifier>{95ce8dcb-9f42-4c17-8a39-5bf136da303e}</UniqueIdentifier>
    </Filter>
    <Filter Include="Utilities">
      <UniqueIdentifier>{380cfed1-bace-4801-a280-89b5abb599e6}</UniqueIdentifier>
    </Filter>
    <Filter Include="Executes">
      <UniqueIdentifier>{26ff6377-4e91-4e47-9272-04a8efbd7794}</UniqueIdentifier>
    </Filter>
    <Filter Include="Viewer">
      <UniqueIdentifier>{e5b6a2bd-96a6-4061-a759-2e729951f814}</UniqueIdentifier>
    </Filter>
    <Filter Include="Interfaces">
      <UniqueIdentifier>{f2d1f7d4-de9d-4242-9253-c2abfda9fe8f}</UniqueIdentifier>
    </Filter>
    <Filter Include="Fbx">
      <UniqueIdentifier>{40c5c301-674f-4177-b08f-4e5d8981df14}</UniqueIdentifier>
    </Filter>
    <Filter Include="Boundings">
      <UniqueIdentifier>{5e580bfd-dd2f-42a3-b886-87acf7cd75e5}</UniqueIdentifier>
    </Filter>
    <Filter Include="Draw">
      <UniqueIdentifier>{b1c21406-4169-4f88-b1ad-e1bd436f3f04}</UniqueIdentifier>
    </Filter>
    <Filter Include="Model">
      <UniqueIdentifier>{f030b84f-26ec-47ff-a697-6a4a1edb23bd}</UniqueIdentifier>
    </Filter>
    <Filter Include="Objects">
      <UniqueIdentifier>{22198dc1-86af-49a8-9b98-361b3485568e}</UniqueIdentifier>
    </Filter>
    <Filter Include="Environment">
      <UniqueIdentifier>{5c7afd6e-2565-447f-9d9f-10406f4edabb}</UniqueIdentifier>
    </Filter>
    <Filter Include="PostEffects">
      <UniqueIdentifier>{6ba09bf6-2c3e-42e0-95b2-4cea8ea498f1}</UniqueIdentifier>
    </Filter>
  </ItemGroup>
</Project>